{
    "version": 3,
    "terraform_version": "0.9.4",
    "serial": 15,
    "lineage": "1e2baf1c-fee7-427c-8378-de5592355db6",
    "modules": [
        {
            "path": [
                "root"
            ],
            "outputs": {},
            "resources": {},
            "depends_on": []
        },
        {
            "path": [
                "root",
                "Dev"
            ],
            "outputs": {},
            "resources": {
                "aws_s3_bucket.elb_log_bucket": {
                    "type": "aws_s3_bucket",
                    "depends_on": [
                        "data.template_file.elb-log-bucket-policy"
                    ],
                    "primary": {
                        "id": "devcaptest-elb-bucket",
                        "attributes": {
                            "acceleration_status": "",
                            "acl": "private",
                            "arn": "arn:aws:s3:::devcaptest-elb-bucket",
                            "bucket": "devcaptest-elb-bucket",
                            "bucket_domain_name": "devcaptest-elb-bucket.s3.amazonaws.com",
                            "force_destroy": "false",
                            "hosted_zone_id": "Z1BKCTXD74EZPE",
                            "id": "devcaptest-elb-bucket",
                            "lifecycle_rule.#": "1",
                            "lifecycle_rule.0.abort_incomplete_multipart_upload_days": "0",
                            "lifecycle_rule.0.enabled": "true",
                            "lifecycle_rule.0.expiration.#": "1",
                            "lifecycle_rule.0.expiration.4042355233.date": "",
                            "lifecycle_rule.0.expiration.4042355233.days": "90",
                            "lifecycle_rule.0.expiration.4042355233.expired_object_delete_marker": "false",
                            "lifecycle_rule.0.id": "log",
                            "lifecycle_rule.0.noncurrent_version_expiration.#": "0",
                            "lifecycle_rule.0.noncurrent_version_transition.#": "0",
                            "lifecycle_rule.0.prefix": "log/",
                            "lifecycle_rule.0.transition.#": "2",
                            "lifecycle_rule.0.transition.2000431762.date": "",
                            "lifecycle_rule.0.transition.2000431762.days": "30",
                            "lifecycle_rule.0.transition.2000431762.storage_class": "STANDARD_IA",
                            "lifecycle_rule.0.transition.6450812.date": "",
                            "lifecycle_rule.0.transition.6450812.days": "60",
                            "lifecycle_rule.0.transition.6450812.storage_class": "GLACIER",
                            "logging.#": "0",
                            "policy": "{\"Id\":\"Policy1479463923828\",\"Statement\":[{\"Action\":\"s3:PutObject\",\"Effect\":\"Allow\",\"Principal\":{\"AWS\":\"arn:aws:iam::156460612806:root\"},\"Resource\":\"arn:aws:s3:::devcaptest-elb-bucket/log/AWSLogs/594542138399/*\",\"Sid\":\"Stmt1479463919353\"}],\"Version\":\"2012-10-17\"}",
                            "region": "eu-west-1",
                            "request_payer": "BucketOwner",
                            "tags.%": "0",
                            "versioning.#": "1",
                            "versioning.0.enabled": "false",
                            "versioning.0.mfa_delete": "false",
                            "website.#": "0"
                        },
                        "meta": {},
                        "tainted": false
                    },
                    "deposed": [],
                    "provider": ""
                },
                "data.aws_caller_identity.current": {
                    "type": "aws_caller_identity",
                    "depends_on": [],
                    "primary": {
                        "id": "2017-05-09 12:14:16.097717368 +0000 UTC",
                        "attributes": {
                            "account_id": "594542138399",
                            "arn": "arn:aws:iam::594542138399:user/jberks",
                            "id": "2017-05-09 12:14:16.097717368 +0000 UTC",
                            "user_id": "AIDAIBN5EAAMTT43WJCBQ"
                        },
                        "meta": {},
                        "tainted": false
                    },
                    "deposed": [],
                    "provider": ""
                },
                "data.template_file.elb-log-bucket-policy": {
                    "type": "template_file",
                    "depends_on": [
                        "data.aws_caller_identity.current"
                    ],
                    "primary": {
                        "id": "1a73726655799c73ea6fbf5ae5fa4902ef348afc5bf34f8074778b337bafc786",
                        "attributes": {
                            "id": "1a73726655799c73ea6fbf5ae5fa4902ef348afc5bf34f8074778b337bafc786",
                            "rendered": "{\r\n\t\"Id\": \"Policy1479463923828\",\r\n\t\"Version\": \"2012-10-17\",\r\n\t\"Statement\": [\r\n\t\t{\r\n\t\t\t\"Sid\": \"Stmt1479463919353\",\r\n\t\t\t\"Action\": [\r\n\t\t\t\t\"s3:PutObject\"\r\n\t\t\t],\r\n\t\t\t\"Effect\": \"Allow\",\r\n\t\t\t\"Resource\": \"arn:aws:s3:::devcaptest-elb-bucket/log/AWSLogs/594542138399/*\",\r\n\t\t\t\"Principal\": {\r\n\t\t\t\t\"AWS\": [\r\n\t\t\t\t\t\"156460612806\"\r\n\t\t\t\t]\r\n\t\t\t}\r\n\t\t}\r\n\t]\r\n}",
                            "template": "{\r\n\t\"Id\": \"Policy1479463923828\",\r\n\t\"Version\": \"2012-10-17\",\r\n\t\"Statement\": [\r\n\t\t{\r\n\t\t\t\"Sid\": \"Stmt1479463919353\",\r\n\t\t\t\"Action\": [\r\n\t\t\t\t\"s3:PutObject\"\r\n\t\t\t],\r\n\t\t\t\"Effect\": \"Allow\",\r\n\t\t\t\"Resource\": \"${elb_s3_bucket}\",\r\n\t\t\t\"Principal\": {\r\n\t\t\t\t\"AWS\": [\r\n\t\t\t\t\t\"156460612806\"\r\n\t\t\t\t]\r\n\t\t\t}\r\n\t\t}\r\n\t]\r\n}",
                            "vars.%": "2",
                            "vars.account": "594542138399",
                            "vars.elb_s3_bucket": "arn:aws:s3:::devcaptest-elb-bucket/log/AWSLogs/594542138399/*"
                        },
                        "meta": {},
                        "tainted": false
                    },
                    "deposed": [],
                    "provider": ""
                }
            },
            "depends_on": []
        }
    ]
}
