{
    "version": 3,
    "terraform_version": "0.9.4",
    "serial": 3,
    "lineage": "1e2baf1c-fee7-427c-8378-de5592355db6",
    "modules": [
        {
            "path": [
                "root"
            ],
            "outputs": {
                "application-url": {
                    "sensitive": false,
                    "type": "string",
                    "value": "load-balancer-1062237675.eu-west-1.elb.amazonaws.com"
                }
            },
            "resources": {},
            "depends_on": []
        },
        {
            "path": [
                "root",
                "Dev"
            ],
            "outputs": {
                "application-url": {
                    "sensitive": false,
                    "type": "string",
                    "value": "load-balancer-1062237675.eu-west-1.elb.amazonaws.com"
                }
            },
            "resources": {
                "aws_autoscaling_group.app": {
                    "type": "aws_autoscaling_group",
                    "depends_on": [
                        "aws_elb.load_balancer",
                        "aws_launch_configuration.app",
                        "aws_subnet.app_subnet.*"
                    ],
                    "primary": {
                        "id": "app-scaling-group",
                        "attributes": {
                            "arn": "arn:aws:autoscaling:eu-west-1:594542138399:autoScalingGroup:8e3933d2-25de-430f-8642-c34eda86c379:autoScalingGroupName/app-scaling-group",
                            "availability_zones.#": "2",
                            "availability_zones.1924028850": "eu-west-1b",
                            "availability_zones.3953592328": "eu-west-1a",
                            "default_cooldown": "300",
                            "desired_capacity": "2",
                            "force_delete": "false",
                            "health_check_grace_period": "300",
                            "health_check_type": "EC2",
                            "id": "app-scaling-group",
                            "launch_configuration": "app-00166428e2733f6d6e2f09a272",
                            "load_balancers.#": "1",
                            "load_balancers.2828096936": "load-balancer",
                            "max_size": "2",
                            "metrics_granularity": "1Minute",
                            "min_size": "2",
                            "name": "app-scaling-group",
                            "placement_group": "",
                            "protect_from_scale_in": "false",
                            "suspended_processes.#": "0",
                            "tag.#": "1",
                            "tag.1444101049.key": "Name",
                            "tag.1444101049.propagate_at_launch": "true",
                            "tag.1444101049.value": "App-Server",
                            "target_group_arns.#": "0",
                            "termination_policies.#": "0",
                            "vpc_zone_identifier.#": "2",
                            "vpc_zone_identifier.1145673734": "subnet-888b4ec1",
                            "vpc_zone_identifier.2612753971": "subnet-9f1712c7",
                            "wait_for_capacity_timeout": "10m"
                        },
                        "meta": {},
                        "tainted": false
                    },
                    "deposed": [],
                    "provider": ""
                },
                "aws_ecs_cluster.app_server": {
                    "type": "aws_ecs_cluster",
                    "depends_on": [],
                    "primary": {
                        "id": "arn:aws:ecs:eu-west-1:594542138399:cluster/app",
                        "attributes": {
                            "id": "arn:aws:ecs:eu-west-1:594542138399:cluster/app",
                            "name": "app"
                        },
                        "meta": {},
                        "tainted": false
                    },
                    "deposed": [],
                    "provider": ""
                },
                "aws_eip.NAT.0": {
                    "type": "aws_eip",
                    "depends_on": [],
                    "primary": {
                        "id": "eipalloc-9ff860a5",
                        "attributes": {
                            "association_id": "eipassoc-5aacdb60",
                            "domain": "vpc",
                            "id": "eipalloc-9ff860a5",
                            "instance": "",
                            "network_interface": "eni-de4c18e4",
                            "private_ip": "172.31.21.150",
                            "public_ip": "52.210.247.48",
                            "vpc": "true"
                        },
                        "meta": {},
                        "tainted": false
                    },
                    "deposed": [],
                    "provider": ""
                },
                "aws_eip.NAT.1": {
                    "type": "aws_eip",
                    "depends_on": [],
                    "primary": {
                        "id": "eipalloc-83c65eb9",
                        "attributes": {
                            "association_id": "eipassoc-97a2d5ad",
                            "domain": "vpc",
                            "id": "eipalloc-83c65eb9",
                            "instance": "",
                            "network_interface": "eni-4e6c0742",
                            "private_ip": "172.31.22.12",
                            "public_ip": "52.209.12.148",
                            "vpc": "true"
                        },
                        "meta": {},
                        "tainted": false
                    },
                    "deposed": [],
                    "provider": ""
                },
                "aws_elb.load_balancer": {
                    "type": "aws_elb",
                    "depends_on": [
                        "aws_s3_bucket.elb_log_bucket",
                        "aws_security_group.elb",
                        "aws_subnet.dmz_subnet.*"
                    ],
                    "primary": {
                        "id": "load-balancer",
                        "attributes": {
                            "access_logs.#": "1",
                            "access_logs.0.bucket": "devcaptest-elb-bucket",
                            "access_logs.0.bucket_prefix": "log",
                            "access_logs.0.enabled": "true",
                            "access_logs.0.interval": "5",
                            "availability_zones.#": "2",
                            "availability_zones.1924028850": "eu-west-1b",
                            "availability_zones.3953592328": "eu-west-1a",
                            "connection_draining": "true",
                            "connection_draining_timeout": "400",
                            "cross_zone_load_balancing": "true",
                            "dns_name": "load-balancer-1062237675.eu-west-1.elb.amazonaws.com",
                            "health_check.#": "1",
                            "health_check.0.healthy_threshold": "2",
                            "health_check.0.interval": "30",
                            "health_check.0.target": "HTTP:8484/",
                            "health_check.0.timeout": "5",
                            "health_check.0.unhealthy_threshold": "2",
                            "id": "load-balancer",
                            "idle_timeout": "400",
                            "instances.#": "1",
                            "instances.2126750495": "i-058358eb80924e132",
                            "internal": "false",
                            "listener.#": "1",
                            "listener.902043634.instance_port": "8484",
                            "listener.902043634.instance_protocol": "http",
                            "listener.902043634.lb_port": "80",
                            "listener.902043634.lb_protocol": "http",
                            "listener.902043634.ssl_certificate_id": "",
                            "name": "load-balancer",
                            "security_groups.#": "1",
                            "security_groups.2633980938": "sg-5b89ca22",
                            "source_security_group": "594542138399/elb",
                            "source_security_group_id": "sg-5b89ca22",
                            "subnets.#": "2",
                            "subnets.1750949739": "subnet-69894c20",
                            "subnets.2985866279": "subnet-20151078",
                            "tags.%": "1",
                            "tags.Name": "Load-Balancer",
                            "zone_id": "Z32O12XQLNTSW2"
                        },
                        "meta": {},
                        "tainted": false
                    },
                    "deposed": [],
                    "provider": ""
                },
                "aws_iam_instance_profile.ec2_server_role": {
                    "type": "aws_iam_instance_profile",
                    "depends_on": [
                        "aws_iam_role.ec2_server_role"
                    ],
                    "primary": {
                        "id": "ec2-server-role",
                        "attributes": {
                            "arn": "arn:aws:iam::594542138399:instance-profile/ec2-server-role",
                            "id": "ec2-server-role",
                            "name": "ec2-server-role",
                            "path": "/",
                            "role": "ec2-server-role",
                            "roles.#": "1",
                            "roles.2198940102": "ec2-server-role",
                            "unique_id": "AIPAJRKFTB5J37PUJT4BG"
                        },
                        "meta": {},
                        "tainted": false
                    },
                    "deposed": [],
                    "provider": ""
                },
                "aws_iam_policy.ec2_cloudwatchlogs": {
                    "type": "aws_iam_policy",
                    "depends_on": [],
                    "primary": {
                        "id": "arn:aws:iam::594542138399:policy/ec2-cloudwatchlogs",
                        "attributes": {
                            "arn": "arn:aws:iam::594542138399:policy/ec2-cloudwatchlogs",
                            "description": "EC2-CloudWatchLogs",
                            "id": "arn:aws:iam::594542138399:policy/ec2-cloudwatchlogs",
                            "name": "ec2-cloudwatchlogs",
                            "path": "/",
                            "policy": "{\n    \"Version\": \"2012-10-17\",\n    \"Statement\": [\n        {\n            \"Effect\": \"Allow\",\n            \"Action\": [\n                \"logs:CreateLogGroup\",\n                \"logs:CreateLogStream\",\n                \"logs:PutLogEvents\",\n                \"logs:DescribeLogStreams\"\n            ],\n            \"Resource\": [\n                \"arn:aws:logs:*:*:*\"\n            ]\n        }\n    ]\n}\n"
                        },
                        "meta": {},
                        "tainted": false
                    },
                    "deposed": [],
                    "provider": ""
                },
                "aws_iam_policy_attachment.ec2-cwl-policy-attach": {
                    "type": "aws_iam_policy_attachment",
                    "depends_on": [
                        "aws_iam_policy.ec2_cloudwatchlogs",
                        "aws_iam_role.ec2_server_role"
                    ],
                    "primary": {
                        "id": "ec2-cwl-policy-Attach",
                        "attributes": {
                            "groups.#": "0",
                            "id": "ec2-cwl-policy-Attach",
                            "name": "ec2-cwl-policy-Attach",
                            "policy_arn": "arn:aws:iam::594542138399:policy/ec2-cloudwatchlogs",
                            "roles.#": "1",
                            "roles.2198940102": "ec2-server-role",
                            "users.#": "0"
                        },
                        "meta": {},
                        "tainted": false
                    },
                    "deposed": [],
                    "provider": ""
                },
                "aws_iam_role.ec2_server_role": {
                    "type": "aws_iam_role",
                    "depends_on": [],
                    "primary": {
                        "id": "ec2-server-role",
                        "attributes": {
                            "arn": "arn:aws:iam::594542138399:role/ec2-server-role",
                            "assume_role_policy": "{\"Version\":\"2008-10-17\",\"Statement\":[{\"Sid\":\"\",\"Effect\":\"Allow\",\"Principal\":{\"Service\":\"ec2.amazonaws.com\"},\"Action\":\"sts:AssumeRole\"}]}",
                            "create_date": "2017-05-08T20:09:17Z",
                            "id": "ec2-server-role",
                            "name": "ec2-server-role",
                            "path": "/",
                            "unique_id": "AROAJA4Q66CPXCUAEE6VM"
                        },
                        "meta": {},
                        "tainted": false
                    },
                    "deposed": [],
                    "provider": ""
                },
                "aws_internet_gateway.gateway": {
                    "type": "aws_internet_gateway",
                    "depends_on": [
                        "aws_vpc.vpc"
                    ],
                    "primary": {
                        "id": "igw-0d0b6a69",
                        "attributes": {
                            "id": "igw-0d0b6a69",
                            "tags.%": "1",
                            "tags.Name": "main-Internet-GW",
                            "vpc_id": "vpc-6149b606"
                        },
                        "meta": {},
                        "tainted": false
                    },
                    "deposed": [],
                    "provider": ""
                },
                "aws_key_pair.ssh-key": {
                    "type": "aws_key_pair",
                    "depends_on": [],
                    "primary": {
                        "id": "ssh_key",
                        "attributes": {
                            "fingerprint": "82:d8:13:23:3e:68:12:6f:6c:dc:52:72:af:0e:10:58",
                            "id": "ssh_key",
                            "key_name": "ssh_key",
                            "public_key": "ssh-rsa AAAAB3NzaC1yc2EAAAADAQABAAABAQClHAJRBW6B/mQ1f89Sb8BQ8+Abzy98LphHA5JBO87V1CyntJvQjSAimDTDB6uZY5fu1iOGZN+qcbDG4YBj6MNKj6dDwmjdAOGDI8RhZBfxDLM7q4YIOknNpJkciLFKNYY6JfJAVbV3ERggqQSZYHSjtbHOzU19FLI8YXhjV6Pctd0kQWF5iXbaHb3CRVQqBAswoqGr6RvQcu0mdleLbndGYIJ09c38UU9ci2OvDpe5eE3U5F9phRVAOljuOR5cJ9GjHnC2KkkSMNikJTpsLssV5qlp7AP5/iCAbq6Zcuua1sOf6b8dmhTYhPsoXQwgLOdsD8RUC58FBMYLTXTl+fcd julianberks@Julian-Berkss-MacBook-Pro.local"
                        },
                        "meta": {
                            "schema_version": "1"
                        },
                        "tainted": false
                    },
                    "deposed": [],
                    "provider": ""
                },
                "aws_launch_configuration.app": {
                    "type": "aws_launch_configuration",
                    "depends_on": [],
                    "primary": {
                        "id": "app-00166428e2733f6d6e2f09a272",
                        "attributes": {
                            "associate_public_ip_address": "false",
                            "ebs_block_device.#": "0",
                            "ebs_optimized": "false",
                            "enable_monitoring": "true",
                            "ephemeral_block_device.#": "0",
                            "iam_instance_profile": "ec2-server-role",
                            "id": "app-00166428e2733f6d6e2f09a272",
                            "image_id": "ami-01ccc867",
                            "instance_type": "t2.micro",
                            "key_name": "ssh_key",
                            "name": "app-00166428e2733f6d6e2f09a272",
                            "name_prefix": "app-",
                            "root_block_device.#": "0",
                            "security_groups.#": "1",
                            "security_groups.3071174565": "sg-3788cb4e",
                            "spot_price": "",
                            "user_data": "1ef562b9d9ef9d4fef4aa895a3cdcd55f09af279",
                            "vpc_classic_link_id": "",
                            "vpc_classic_link_security_groups.#": "0"
                        },
                        "meta": {},
                        "tainted": false
                    },
                    "deposed": [],
                    "provider": ""
                },
                "aws_nat_gateway.nat_gateway.0": {
                    "type": "aws_nat_gateway",
                    "depends_on": [
                        "aws_eip.NAT.*",
                        "aws_subnet.dmz_subnet.*"
                    ],
                    "primary": {
                        "id": "nat-0aa918d3df6a6a9d5",
                        "attributes": {
                            "allocation_id": "eipalloc-9ff860a5",
                            "id": "nat-0aa918d3df6a6a9d5",
                            "network_interface_id": "eni-de4c18e4",
                            "private_ip": "172.31.21.150",
                            "public_ip": "52.210.247.48",
                            "subnet_id": "subnet-69894c20"
                        },
                        "meta": {},
                        "tainted": false
                    },
                    "deposed": [],
                    "provider": ""
                },
                "aws_nat_gateway.nat_gateway.1": {
                    "type": "aws_nat_gateway",
                    "depends_on": [
                        "aws_eip.NAT.*",
                        "aws_subnet.dmz_subnet.*"
                    ],
                    "primary": {
                        "id": "nat-02a57ae41aa2f08e0",
                        "attributes": {
                            "allocation_id": "eipalloc-83c65eb9",
                            "id": "nat-02a57ae41aa2f08e0",
                            "network_interface_id": "eni-4e6c0742",
                            "private_ip": "172.31.22.12",
                            "public_ip": "52.209.12.148",
                            "subnet_id": "subnet-20151078"
                        },
                        "meta": {},
                        "tainted": false
                    },
                    "deposed": [],
                    "provider": ""
                },
                "aws_route_table.app_route_table.0": {
                    "type": "aws_route_table",
                    "depends_on": [
                        "aws_nat_gateway.nat_gateway.*",
                        "aws_vpc.vpc"
                    ],
                    "primary": {
                        "id": "rtb-720d4815",
                        "attributes": {
                            "id": "rtb-720d4815",
                            "propagating_vgws.#": "0",
                            "route.#": "1",
                            "route.2434086445.cidr_block": "0.0.0.0/0",
                            "route.2434086445.egress_only_gateway_id": "",
                            "route.2434086445.gateway_id": "nat-0aa918d3df6a6a9d5",
                            "route.2434086445.instance_id": "",
                            "route.2434086445.ipv6_cidr_block": "",
                            "route.2434086445.nat_gateway_id": "",
                            "route.2434086445.network_interface_id": "",
                            "route.2434086445.vpc_peering_connection_id": "",
                            "tags.%": "1",
                            "tags.Name": "app",
                            "vpc_id": "vpc-6149b606"
                        },
                        "meta": {},
                        "tainted": false
                    },
                    "deposed": [],
                    "provider": ""
                },
                "aws_route_table.app_route_table.1": {
                    "type": "aws_route_table",
                    "depends_on": [
                        "aws_nat_gateway.nat_gateway.*",
                        "aws_vpc.vpc"
                    ],
                    "primary": {
                        "id": "rtb-76074211",
                        "attributes": {
                            "id": "rtb-76074211",
                            "propagating_vgws.#": "0",
                            "route.#": "1",
                            "route.3540156724.cidr_block": "0.0.0.0/0",
                            "route.3540156724.egress_only_gateway_id": "",
                            "route.3540156724.gateway_id": "nat-02a57ae41aa2f08e0",
                            "route.3540156724.instance_id": "",
                            "route.3540156724.ipv6_cidr_block": "",
                            "route.3540156724.nat_gateway_id": "",
                            "route.3540156724.network_interface_id": "",
                            "route.3540156724.vpc_peering_connection_id": "",
                            "tags.%": "1",
                            "tags.Name": "app",
                            "vpc_id": "vpc-6149b606"
                        },
                        "meta": {},
                        "tainted": false
                    },
                    "deposed": [],
                    "provider": ""
                },
                "aws_route_table.dmz_route_table": {
                    "type": "aws_route_table",
                    "depends_on": [
                        "aws_internet_gateway.gateway",
                        "aws_vpc.vpc"
                    ],
                    "primary": {
                        "id": "rtb-3e034659",
                        "attributes": {
                            "id": "rtb-3e034659",
                            "propagating_vgws.#": "0",
                            "route.#": "1",
                            "route.3014661288.cidr_block": "0.0.0.0/0",
                            "route.3014661288.egress_only_gateway_id": "",
                            "route.3014661288.gateway_id": "igw-0d0b6a69",
                            "route.3014661288.instance_id": "",
                            "route.3014661288.ipv6_cidr_block": "",
                            "route.3014661288.nat_gateway_id": "",
                            "route.3014661288.network_interface_id": "",
                            "route.3014661288.vpc_peering_connection_id": "",
                            "tags.%": "1",
                            "tags.Name": "dmz",
                            "vpc_id": "vpc-6149b606"
                        },
                        "meta": {},
                        "tainted": false
                    },
                    "deposed": [],
                    "provider": ""
                },
                "aws_route_table_association.app_routing.0": {
                    "type": "aws_route_table_association",
                    "depends_on": [
                        "aws_route_table.app_route_table.*",
                        "aws_subnet.app_subnet.*"
                    ],
                    "primary": {
                        "id": "rtbassoc-42c84624",
                        "attributes": {
                            "id": "rtbassoc-42c84624",
                            "route_table_id": "rtb-720d4815",
                            "subnet_id": "subnet-888b4ec1"
                        },
                        "meta": {},
                        "tainted": false
                    },
                    "deposed": [],
                    "provider": ""
                },
                "aws_route_table_association.app_routing.1": {
                    "type": "aws_route_table_association",
                    "depends_on": [
                        "aws_route_table.app_route_table.*",
                        "aws_subnet.app_subnet.*"
                    ],
                    "primary": {
                        "id": "rtbassoc-fbc9479d",
                        "attributes": {
                            "id": "rtbassoc-fbc9479d",
                            "route_table_id": "rtb-76074211",
                            "subnet_id": "subnet-9f1712c7"
                        },
                        "meta": {},
                        "tainted": false
                    },
                    "deposed": [],
                    "provider": ""
                },
                "aws_route_table_association.dmz_routing.0": {
                    "type": "aws_route_table_association",
                    "depends_on": [
                        "aws_route_table.dmz_route_table",
                        "aws_subnet.dmz_subnet.*"
                    ],
                    "primary": {
                        "id": "rtbassoc-e5cd4383",
                        "attributes": {
                            "id": "rtbassoc-e5cd4383",
                            "route_table_id": "rtb-3e034659",
                            "subnet_id": "subnet-69894c20"
                        },
                        "meta": {},
                        "tainted": false
                    },
                    "deposed": [],
                    "provider": ""
                },
                "aws_route_table_association.dmz_routing.1": {
                    "type": "aws_route_table_association",
                    "depends_on": [
                        "aws_route_table.dmz_route_table",
                        "aws_subnet.dmz_subnet.*"
                    ],
                    "primary": {
                        "id": "rtbassoc-becd43d8",
                        "attributes": {
                            "id": "rtbassoc-becd43d8",
                            "route_table_id": "rtb-3e034659",
                            "subnet_id": "subnet-20151078"
                        },
                        "meta": {},
                        "tainted": false
                    },
                    "deposed": [],
                    "provider": ""
                },
                "aws_s3_bucket.elb_log_bucket": {
                    "type": "aws_s3_bucket",
                    "depends_on": [
                        "data.template_file.elb-log-bucket-policy"
                    ],
                    "primary": {
                        "id": "devcaptest-elb-bucket",
                        "attributes": {
                            "acceleration_status": "",
                            "acl": "private",
                            "arn": "arn:aws:s3:::devcaptest-elb-bucket",
                            "bucket": "devcaptest-elb-bucket",
                            "bucket_domain_name": "devcaptest-elb-bucket.s3.amazonaws.com",
                            "force_destroy": "false",
                            "hosted_zone_id": "Z1BKCTXD74EZPE",
                            "id": "devcaptest-elb-bucket",
                            "lifecycle_rule.#": "1",
                            "lifecycle_rule.0.abort_incomplete_multipart_upload_days": "0",
                            "lifecycle_rule.0.enabled": "true",
                            "lifecycle_rule.0.expiration.#": "1",
                            "lifecycle_rule.0.expiration.4042355233.date": "",
                            "lifecycle_rule.0.expiration.4042355233.days": "90",
                            "lifecycle_rule.0.expiration.4042355233.expired_object_delete_marker": "false",
                            "lifecycle_rule.0.id": "log",
                            "lifecycle_rule.0.noncurrent_version_expiration.#": "0",
                            "lifecycle_rule.0.noncurrent_version_transition.#": "0",
                            "lifecycle_rule.0.prefix": "log/",
                            "lifecycle_rule.0.transition.#": "2",
                            "lifecycle_rule.0.transition.2000431762.date": "",
                            "lifecycle_rule.0.transition.2000431762.days": "30",
                            "lifecycle_rule.0.transition.2000431762.storage_class": "STANDARD_IA",
                            "lifecycle_rule.0.transition.6450812.date": "",
                            "lifecycle_rule.0.transition.6450812.days": "60",
                            "lifecycle_rule.0.transition.6450812.storage_class": "GLACIER",
                            "logging.#": "0",
                            "policy": "{\"Id\":\"Policy1479463923828\",\"Statement\":[{\"Action\":\"s3:PutObject\",\"Effect\":\"Allow\",\"Principal\":{\"AWS\":\"arn:aws:iam::156460612806:root\"},\"Resource\":\"arn:aws:s3:::devcaptest-elb-bucket/log/AWSLogs/594542138399/*\",\"Sid\":\"Stmt1479463919353\"}],\"Version\":\"2012-10-17\"}",
                            "region": "eu-west-1",
                            "request_payer": "BucketOwner",
                            "tags.%": "0",
                            "versioning.#": "1",
                            "versioning.0.enabled": "false",
                            "versioning.0.mfa_delete": "false",
                            "website.#": "0"
                        },
                        "meta": {},
                        "tainted": false
                    },
                    "deposed": [],
                    "provider": ""
                },
                "aws_security_group.app": {
                    "type": "aws_security_group",
                    "depends_on": [
                        "aws_security_group.bastion_sg",
                        "aws_security_group.elb",
                        "aws_vpc.vpc"
                    ],
                    "primary": {
                        "id": "sg-3788cb4e",
                        "attributes": {
                            "description": "App Tier Security Group",
                            "egress.#": "1",
                            "egress.482069346.cidr_blocks.#": "1",
                            "egress.482069346.cidr_blocks.0": "0.0.0.0/0",
                            "egress.482069346.from_port": "0",
                            "egress.482069346.ipv6_cidr_blocks.#": "0",
                            "egress.482069346.prefix_list_ids.#": "0",
                            "egress.482069346.protocol": "-1",
                            "egress.482069346.security_groups.#": "0",
                            "egress.482069346.self": "false",
                            "egress.482069346.to_port": "0",
                            "id": "sg-3788cb4e",
                            "ingress.#": "2",
                            "ingress.2217138382.cidr_blocks.#": "0",
                            "ingress.2217138382.from_port": "22",
                            "ingress.2217138382.ipv6_cidr_blocks.#": "0",
                            "ingress.2217138382.protocol": "tcp",
                            "ingress.2217138382.security_groups.#": "1",
                            "ingress.2217138382.security_groups.3426916578": "sg-9189cae8",
                            "ingress.2217138382.self": "false",
                            "ingress.2217138382.to_port": "22",
                            "ingress.303967308.cidr_blocks.#": "0",
                            "ingress.303967308.from_port": "8484",
                            "ingress.303967308.ipv6_cidr_blocks.#": "0",
                            "ingress.303967308.protocol": "tcp",
                            "ingress.303967308.security_groups.#": "1",
                            "ingress.303967308.security_groups.2633980938": "sg-5b89ca22",
                            "ingress.303967308.self": "false",
                            "ingress.303967308.to_port": "8484",
                            "name": "App",
                            "owner_id": "594542138399",
                            "tags.%": "1",
                            "tags.Name": "app-sg",
                            "vpc_id": "vpc-6149b606"
                        },
                        "meta": {},
                        "tainted": false
                    },
                    "deposed": [],
                    "provider": ""
                },
                "aws_security_group.bastion_sg": {
                    "type": "aws_security_group",
                    "depends_on": [
                        "aws_vpc.vpc"
                    ],
                    "primary": {
                        "id": "sg-9189cae8",
                        "attributes": {
                            "description": "For inbound traffic to the Bastion",
                            "egress.#": "1",
                            "egress.482069346.cidr_blocks.#": "1",
                            "egress.482069346.cidr_blocks.0": "0.0.0.0/0",
                            "egress.482069346.from_port": "0",
                            "egress.482069346.ipv6_cidr_blocks.#": "0",
                            "egress.482069346.prefix_list_ids.#": "0",
                            "egress.482069346.protocol": "-1",
                            "egress.482069346.security_groups.#": "0",
                            "egress.482069346.self": "false",
                            "egress.482069346.to_port": "0",
                            "id": "sg-9189cae8",
                            "ingress.#": "1",
                            "ingress.2541437006.cidr_blocks.#": "1",
                            "ingress.2541437006.cidr_blocks.0": "0.0.0.0/0",
                            "ingress.2541437006.from_port": "22",
                            "ingress.2541437006.ipv6_cidr_blocks.#": "0",
                            "ingress.2541437006.protocol": "tcp",
                            "ingress.2541437006.security_groups.#": "0",
                            "ingress.2541437006.self": "false",
                            "ingress.2541437006.to_port": "22",
                            "name": "bastion-sg",
                            "owner_id": "594542138399",
                            "tags.%": "1",
                            "tags.Name": "Bastion",
                            "vpc_id": "vpc-6149b606"
                        },
                        "meta": {},
                        "tainted": false
                    },
                    "deposed": [],
                    "provider": ""
                },
                "aws_security_group.elb": {
                    "type": "aws_security_group",
                    "depends_on": [
                        "aws_vpc.vpc"
                    ],
                    "primary": {
                        "id": "sg-5b89ca22",
                        "attributes": {
                            "description": "For External ELB to recieve traffic",
                            "egress.#": "1",
                            "egress.482069346.cidr_blocks.#": "1",
                            "egress.482069346.cidr_blocks.0": "0.0.0.0/0",
                            "egress.482069346.from_port": "0",
                            "egress.482069346.ipv6_cidr_blocks.#": "0",
                            "egress.482069346.prefix_list_ids.#": "0",
                            "egress.482069346.protocol": "-1",
                            "egress.482069346.security_groups.#": "0",
                            "egress.482069346.self": "false",
                            "egress.482069346.to_port": "0",
                            "id": "sg-5b89ca22",
                            "ingress.#": "1",
                            "ingress.2214680975.cidr_blocks.#": "1",
                            "ingress.2214680975.cidr_blocks.0": "0.0.0.0/0",
                            "ingress.2214680975.from_port": "80",
                            "ingress.2214680975.ipv6_cidr_blocks.#": "0",
                            "ingress.2214680975.protocol": "tcp",
                            "ingress.2214680975.security_groups.#": "0",
                            "ingress.2214680975.self": "false",
                            "ingress.2214680975.to_port": "80",
                            "name": "elb",
                            "owner_id": "594542138399",
                            "tags.%": "1",
                            "tags.Name": "elb-sg",
                            "vpc_id": "vpc-6149b606"
                        },
                        "meta": {},
                        "tainted": false
                    },
                    "deposed": [],
                    "provider": ""
                },
                "aws_subnet.app_subnet.0": {
                    "type": "aws_subnet",
                    "depends_on": [
                        "aws_vpc.vpc"
                    ],
                    "primary": {
                        "id": "subnet-888b4ec1",
                        "attributes": {
                            "assign_ipv6_address_on_creation": "false",
                            "availability_zone": "eu-west-1a",
                            "cidr_block": "172.31.12.0/24",
                            "id": "subnet-888b4ec1",
                            "map_public_ip_on_launch": "false",
                            "tags.%": "1",
                            "tags.Name": "app-eu-west-1a",
                            "vpc_id": "vpc-6149b606"
                        },
                        "meta": {
                            "schema_version": "1"
                        },
                        "tainted": false
                    },
                    "deposed": [],
                    "provider": ""
                },
                "aws_subnet.app_subnet.1": {
                    "type": "aws_subnet",
                    "depends_on": [
                        "aws_vpc.vpc"
                    ],
                    "primary": {
                        "id": "subnet-9f1712c7",
                        "attributes": {
                            "assign_ipv6_address_on_creation": "false",
                            "availability_zone": "eu-west-1b",
                            "cidr_block": "172.31.13.0/24",
                            "id": "subnet-9f1712c7",
                            "map_public_ip_on_launch": "false",
                            "tags.%": "1",
                            "tags.Name": "app-eu-west-1b",
                            "vpc_id": "vpc-6149b606"
                        },
                        "meta": {
                            "schema_version": "1"
                        },
                        "tainted": false
                    },
                    "deposed": [],
                    "provider": ""
                },
                "aws_subnet.dmz_subnet.0": {
                    "type": "aws_subnet",
                    "depends_on": [
                        "aws_vpc.vpc"
                    ],
                    "primary": {
                        "id": "subnet-69894c20",
                        "attributes": {
                            "assign_ipv6_address_on_creation": "false",
                            "availability_zone": "eu-west-1a",
                            "cidr_block": "172.31.21.0/24",
                            "id": "subnet-69894c20",
                            "map_public_ip_on_launch": "false",
                            "tags.%": "1",
                            "tags.Name": "dmz-eu-west-1a",
                            "vpc_id": "vpc-6149b606"
                        },
                        "meta": {
                            "schema_version": "1"
                        },
                        "tainted": false
                    },
                    "deposed": [],
                    "provider": ""
                },
                "aws_subnet.dmz_subnet.1": {
                    "type": "aws_subnet",
                    "depends_on": [
                        "aws_vpc.vpc"
                    ],
                    "primary": {
                        "id": "subnet-20151078",
                        "attributes": {
                            "assign_ipv6_address_on_creation": "false",
                            "availability_zone": "eu-west-1b",
                            "cidr_block": "172.31.22.0/24",
                            "id": "subnet-20151078",
                            "map_public_ip_on_launch": "false",
                            "tags.%": "1",
                            "tags.Name": "dmz-eu-west-1b",
                            "vpc_id": "vpc-6149b606"
                        },
                        "meta": {
                            "schema_version": "1"
                        },
                        "tainted": false
                    },
                    "deposed": [],
                    "provider": ""
                },
                "aws_vpc.vpc": {
                    "type": "aws_vpc",
                    "depends_on": [],
                    "primary": {
                        "id": "vpc-6149b606",
                        "attributes": {
                            "assign_generated_ipv6_cidr_block": "false",
                            "cidr_block": "172.31.0.0/16",
                            "default_network_acl_id": "acl-60179107",
                            "default_route_table_id": "rtb-3f034658",
                            "default_security_group_id": "sg-9e89cae7",
                            "dhcp_options_id": "dopt-7e65271a",
                            "enable_classiclink": "false",
                            "enable_dns_hostnames": "true",
                            "enable_dns_support": "true",
                            "id": "vpc-6149b606",
                            "instance_tenancy": "default",
                            "main_route_table_id": "rtb-3f034658",
                            "tags.%": "1",
                            "tags.Name": "Dev-VPC"
                        },
                        "meta": {
                            "schema_version": "1"
                        },
                        "tainted": false
                    },
                    "deposed": [],
                    "provider": ""
                },
                "data.aws_ami.container": {
                    "type": "aws_ami",
                    "depends_on": [],
                    "primary": {
                        "id": "ami-01ccc867",
                        "attributes": {
                            "architecture": "x86_64",
                            "block_device_mappings.#": "1",
                            "block_device_mappings.340275815.device_name": "/dev/xvda",
                            "block_device_mappings.340275815.ebs.%": "6",
                            "block_device_mappings.340275815.ebs.delete_on_termination": "true",
                            "block_device_mappings.340275815.ebs.encrypted": "false",
                            "block_device_mappings.340275815.ebs.iops": "0",
                            "block_device_mappings.340275815.ebs.snapshot_id": "snap-06ff5119377ae9a9f",
                            "block_device_mappings.340275815.ebs.volume_size": "8",
                            "block_device_mappings.340275815.ebs.volume_type": "gp2",
                            "block_device_mappings.340275815.no_device": "",
                            "block_device_mappings.340275815.virtual_name": "",
                            "creation_date": "2017-04-17T08:10:48.000Z",
                            "description": "Amazon Linux AMI 2017.03.0.20170417 x86_64 HVM GP2",
                            "filter.#": "1",
                            "filter.3169420402.name": "name",
                            "filter.3169420402.values.#": "1",
                            "filter.3169420402.values.0": "amzn-ami-hvm-*-x86_64-gp2",
                            "hypervisor": "xen",
                            "id": "ami-01ccc867",
                            "image_id": "ami-01ccc867",
                            "image_location": "amazon/amzn-ami-hvm-2017.03.0.20170417-x86_64-gp2",
                            "image_owner_alias": "amazon",
                            "image_type": "machine",
                            "most_recent": "true",
                            "name": "amzn-ami-hvm-2017.03.0.20170417-x86_64-gp2",
                            "owner_id": "137112412989",
                            "product_codes.#": "0",
                            "public": "true",
                            "root_device_name": "/dev/xvda",
                            "root_device_type": "ebs",
                            "sriov_net_support": "simple",
                            "state": "available",
                            "state_reason.%": "2",
                            "state_reason.code": "UNSET",
                            "state_reason.message": "UNSET",
                            "tags.#": "0",
                            "virtualization_type": "hvm"
                        },
                        "meta": {},
                        "tainted": false
                    },
                    "deposed": [],
                    "provider": ""
                },
                "data.aws_caller_identity.current": {
                    "type": "aws_caller_identity",
                    "depends_on": [],
                    "primary": {
                        "id": "2017-05-08 20:10:03.493790786 +0000 UTC",
                        "attributes": {
                            "account_id": "594542138399",
                            "arn": "arn:aws:iam::594542138399:user/jberks",
                            "id": "2017-05-08 20:10:03.493790786 +0000 UTC",
                            "user_id": "AIDAIBN5EAAMTT43WJCBQ"
                        },
                        "meta": {},
                        "tainted": false
                    },
                    "deposed": [],
                    "provider": ""
                },
                "data.template_file.elb-log-bucket-policy": {
                    "type": "template_file",
                    "depends_on": [
                        "data.aws_caller_identity.current"
                    ],
                    "primary": {
                        "id": "1a73726655799c73ea6fbf5ae5fa4902ef348afc5bf34f8074778b337bafc786",
                        "attributes": {
                            "id": "1a73726655799c73ea6fbf5ae5fa4902ef348afc5bf34f8074778b337bafc786",
                            "rendered": "{\r\n\t\"Id\": \"Policy1479463923828\",\r\n\t\"Version\": \"2012-10-17\",\r\n\t\"Statement\": [\r\n\t\t{\r\n\t\t\t\"Sid\": \"Stmt1479463919353\",\r\n\t\t\t\"Action\": [\r\n\t\t\t\t\"s3:PutObject\"\r\n\t\t\t],\r\n\t\t\t\"Effect\": \"Allow\",\r\n\t\t\t\"Resource\": \"arn:aws:s3:::devcaptest-elb-bucket/log/AWSLogs/594542138399/*\",\r\n\t\t\t\"Principal\": {\r\n\t\t\t\t\"AWS\": [\r\n\t\t\t\t\t\"156460612806\"\r\n\t\t\t\t]\r\n\t\t\t}\r\n\t\t}\r\n\t]\r\n}",
                            "template": "{\r\n\t\"Id\": \"Policy1479463923828\",\r\n\t\"Version\": \"2012-10-17\",\r\n\t\"Statement\": [\r\n\t\t{\r\n\t\t\t\"Sid\": \"Stmt1479463919353\",\r\n\t\t\t\"Action\": [\r\n\t\t\t\t\"s3:PutObject\"\r\n\t\t\t],\r\n\t\t\t\"Effect\": \"Allow\",\r\n\t\t\t\"Resource\": \"${elb_s3_bucket}\",\r\n\t\t\t\"Principal\": {\r\n\t\t\t\t\"AWS\": [\r\n\t\t\t\t\t\"156460612806\"\r\n\t\t\t\t]\r\n\t\t\t}\r\n\t\t}\r\n\t]\r\n}",
                            "vars.%": "2",
                            "vars.account": "594542138399",
                            "vars.elb_s3_bucket": "arn:aws:s3:::devcaptest-elb-bucket/log/AWSLogs/594542138399/*"
                        },
                        "meta": {},
                        "tainted": false
                    },
                    "deposed": [],
                    "provider": ""
                }
            },
            "depends_on": []
        }
    ]
}
